
Microsoft Visual Studio Solution File, Format Version 11.00
# Visual Studio 2010
Project("{FAE04EC0-301F-11D3-BF4B-00C04F79EFBC}") = "CarrotPiracyStudiosGame", "Assembly-CSharp.csproj", "{F3B1CB7A-F423-9A01-2361-B402090F6464}"
EndProject
Project("{FAE04EC0-301F-11D3-BF4B-00C04F79EFBC}") = "CarrotPiracyStudiosGame", "Assembly-CSharp-Editor.csproj", "{56AC06F0-0CC6-02F5-4C7E-6D95D669F053}"
EndProject
Global
	GlobalSection(SolutionConfigurationPlatforms) = preSolution
		Debug|Any CPU = Debug|Any CPU
		Release|Any CPU = Release|Any CPU
	EndGlobalSection
	GlobalSection(ProjectConfigurationPlatforms) = postSolution
		{F3B1CB7A-F423-9A01-2361-B402090F6464}.Debug|Any CPU.ActiveCfg = Debug|Any CPU
		{F3B1CB7A-F423-9A01-2361-B402090F6464}.Debug|Any CPU.Build.0 = Debug|Any CPU
		{F3B1CB7A-F423-9A01-2361-B402090F6464}.Release|Any CPU.ActiveCfg = Release|Any CPU
		{F3B1CB7A-F423-9A01-2361-B402090F6464}.Release|Any CPU.Build.0 = Release|Any CPU
		{56AC06F0-0CC6-02F5-4C7E-6D95D669F053}.Debug|Any CPU.ActiveCfg = Debug|Any CPU
		{56AC06F0-0CC6-02F5-4C7E-6D95D669F053}.Debug|Any CPU.Build.0 = Debug|Any CPU
		{56AC06F0-0CC6-02F5-4C7E-6D95D669F053}.Release|Any CPU.ActiveCfg = Release|Any CPU
		{56AC06F0-0CC6-02F5-4C7E-6D95D669F053}.Release|Any CPU.Build.0 = Release|Any CPU
	EndGlobalSection
	GlobalSection(SolutionProperties) = preSolution
		HideSolutionNode = FALSE
	EndGlobalSection
	GlobalSection(MonoDevelopProperties) = preSolution
		StartupItem = Assembly-CSharp.csproj
	EndGlobalSection
EndGlobal
